{
  "requires": true,
  "lockfileVersion": 1,
  "dependencies": {
    "pnpm": {
      "version": "8.7.4",
      "resolved": "https://registry.npmjs.org/pnpm/-/pnpm-8.7.4.tgz",
      "integrity": "sha512-/bQ5bXp8l7krhm2QXQVGuPjzNC/Z/p0fK4kw8aIrqG0YthTS9akRKGHiWyaHX623lntCriHBZZPqhbXczqSNVg=="
    }
  }
}
